
Microsoft Visual Studio Solution File, Format Version 12.00
# Visual Studio Version 16
VisualStudioVersion = 16.0.32126.315
MinimumVisualStudioVersion = 10.0.40219.1
Project("{FAE04EC0-301F-11D3-BF4B-00C04F79EFBC}") = "AdvertApi", "AdvertApi.csproj", "{8E291A66-7B68-44A6-8018-08CF431062EB}"
EndProject
Project("{FAE04EC0-301F-11D3-BF4B-00C04F79EFBC}") = "AdvertApi.Models", "..\AdvertApi.Models\AdvertApi.Models.csproj", "{81E71720-2BEB-4643-8778-C26CB24F93BA}"
EndProject
Global
	GlobalSection(SolutionConfigurationPlatforms) = preSolution
		Debug|Any CPU = Debug|Any CPU
		Release|Any CPU = Release|Any CPU
	EndGlobalSection
	GlobalSection(ProjectConfigurationPlatforms) = postSolution
		{8E291A66-7B68-44A6-8018-08CF431062EB}.Debug|Any CPU.ActiveCfg = Debug|Any CPU
		{8E291A66-7B68-44A6-8018-08CF431062EB}.Debug|Any CPU.Build.0 = Debug|Any CPU
		{8E291A66-7B68-44A6-8018-08CF431062EB}.Release|Any CPU.ActiveCfg = Release|Any CPU
		{8E291A66-7B68-44A6-8018-08CF431062EB}.Release|Any CPU.Build.0 = Release|Any CPU
		{81E71720-2BEB-4643-8778-C26CB24F93BA}.Debug|Any CPU.ActiveCfg = Debug|Any CPU
		{81E71720-2BEB-4643-8778-C26CB24F93BA}.Debug|Any CPU.Build.0 = Debug|Any CPU
		{81E71720-2BEB-4643-8778-C26CB24F93BA}.Release|Any CPU.ActiveCfg = Release|Any CPU
		{81E71720-2BEB-4643-8778-C26CB24F93BA}.Release|Any CPU.Build.0 = Release|Any CPU
	EndGlobalSection
	GlobalSection(SolutionProperties) = preSolution
		HideSolutionNode = FALSE
	EndGlobalSection
	GlobalSection(ExtensibilityGlobals) = postSolution
		SolutionGuid = {DD1DD902-6FF4-44DC-987B-11451F28A3CB}
	EndGlobalSection
EndGlobal
